<?xml version="1.0" encoding="utf-8"?>
<Project ToolsVersion="4.0" xmlns="http://schemas.microsoft.com/developer/msbuild/2003">
  <ItemGroup>
    <Filter Include="Source Files">
      <UniqueIdentifier>{4FC737F1-C7A5-4376-A066-2A32D752A2FF}</UniqueIdentifier>
      <Extensions>cpp;c;cc;cxx;def;odl;idl;hpj;bat;asm;asmx</Extensions>
    </Filter>
    <Filter Include="Header Files">
      <UniqueIdentifier>{93995380-89BD-4b04-88EB-625FBE52EBFB}</UniqueIdentifier>
      <Extensions>h;hpp;hxx;hm;inl;inc;xsd</Extensions>
    </Filter>
    <Filter Include="Source Files\libtsm">
      <UniqueIdentifier>{b3f23340-e238-4c6a-bfec-ba960169cbda}</UniqueIdentifier>
    </Filter>
  </ItemGroup>
  <ItemGroup>
    <ClCompile Include="..\..\libtermemu\termemu_cio.c">
      <Filter>Source Files</Filter>
    </ClCompile>
    <ClCompile Include="..\..\libtermemu\termemu_keymap.c">
      <Filter>Source Files</Filter>
    </ClCompile>
    <ClCompile Include="..\..\libtermemu\termemu_keysym.c">
      <Filter>Source Files</Filter>
    </ClCompile>
    <ClCompile Include="..\..\libtermemu\termemukbtest.c">
      <Filter>Source Files</Filter>
    </ClCompile>
    <ClCompile Include="..\..\libtermemu\libtsm\tsm_screen.c">
      <Filter>Source Files\libtsm</Filter>
    </ClCompile>
    <ClCompile Include="..\..\libtermemu\libtsm\tsm_unicode.c">
      <Filter>Source Files\libtsm</Filter>
    </ClCompile>
    <ClCompile Include="..\..\libtermemu\libtsm\tsm_vte.c">
      <Filter>Source Files\libtsm</Filter>
    </ClCompile>
    <ClCompile Include="..\..\libtermemu\libtsm\tsm_vte_charsets.c">
      <Filter>Source Files\libtsm</Filter>
    </ClCompile>
    <ClCompile Include="..\..\libtermemu\libtsm\shl_htable.c">
      <Filter>Source Files\libtsm</Filter>
    </ClCompile>
  </ItemGroup>
  <ItemGroup>
    <ClInclude Include="..\..\libtermemu\keysymdb.h">
      <Filter>Header Files</Filter>
    </ClInclude>
  </ItemGroup>
</Project>
