
Microsoft Visual Studio Solution File, Format Version 12.00
# Visual Studio 14
VisualStudioVersion = 14.0.25420.1
MinimumVisualStudioVersion = 10.0.40219.1
Project("{8BC9CEB8-8B4A-11D0-8D11-00A0C91BC942}") = "rlogin", "rlogin\rlogin.vcxproj", "{966E3BE1-2CA2-4BA3-B569-958AD72BC5A7}"
EndProject
Project("{8BC9CEB8-8B4A-11D0-8D11-00A0C91BC942}") = "slogin", "slogin\slogin.vcxproj", "{C98E7597-8B3F-44F9-95CB-E580B141AFAF}"
EndProject
Project("{8BC9CEB8-8B4A-11D0-8D11-00A0C91BC942}") = "kbtest", "kbtest\kbtest.vcxproj", "{2713F236-6F58-4FF1-B78B-510116766637}"
EndProject
Project("{8BC9CEB8-8B4A-11D0-8D11-00A0C91BC942}") = "mkkeys", "mkkeys\mkkeys.vcxproj", "{6E8B005D-C222-4686-A16B-90242A61A686}"
EndProject
Project("{8BC9CEB8-8B4A-11D0-8D11-00A0C91BC942}") = "libw32", "libw32\libw32.vcxproj", "{D2998A79-52C1-4CF1-A166-9AC6C0AA7E3B}"
EndProject
Global
	GlobalSection(SolutionConfigurationPlatforms) = preSolution
		Debug|Win32 = Debug|Win32
		Release|Win32 = Release|Win32
	EndGlobalSection
	GlobalSection(ProjectConfigurationPlatforms) = postSolution
		{966E3BE1-2CA2-4BA3-B569-958AD72BC5A7}.Debug|Win32.ActiveCfg = Debug|Win32
		{966E3BE1-2CA2-4BA3-B569-958AD72BC5A7}.Debug|Win32.Build.0 = Debug|Win32
		{966E3BE1-2CA2-4BA3-B569-958AD72BC5A7}.Release|Win32.ActiveCfg = Release|Win32
		{966E3BE1-2CA2-4BA3-B569-958AD72BC5A7}.Release|Win32.Build.0 = Release|Win32
		{C98E7597-8B3F-44F9-95CB-E580B141AFAF}.Debug|Win32.ActiveCfg = Debug|Win32
		{C98E7597-8B3F-44F9-95CB-E580B141AFAF}.Debug|Win32.Build.0 = Debug|Win32
		{C98E7597-8B3F-44F9-95CB-E580B141AFAF}.Release|Win32.ActiveCfg = Release|Win32
		{C98E7597-8B3F-44F9-95CB-E580B141AFAF}.Release|Win32.Build.0 = Release|Win32
		{2713F236-6F58-4FF1-B78B-510116766637}.Debug|Win32.ActiveCfg = Debug|Win32
		{2713F236-6F58-4FF1-B78B-510116766637}.Debug|Win32.Build.0 = Debug|Win32
		{2713F236-6F58-4FF1-B78B-510116766637}.Release|Win32.ActiveCfg = Release|Win32
		{2713F236-6F58-4FF1-B78B-510116766637}.Release|Win32.Build.0 = Release|Win32
		{6E8B005D-C222-4686-A16B-90242A61A686}.Debug|Win32.ActiveCfg = Debug|Win32
		{6E8B005D-C222-4686-A16B-90242A61A686}.Debug|Win32.Build.0 = Debug|Win32
		{6E8B005D-C222-4686-A16B-90242A61A686}.Release|Win32.ActiveCfg = Release|Win32
		{6E8B005D-C222-4686-A16B-90242A61A686}.Release|Win32.Build.0 = Release|Win32
		{D2998A79-52C1-4CF1-A166-9AC6C0AA7E3B}.Debug|Win32.ActiveCfg = Debug|Win32
		{D2998A79-52C1-4CF1-A166-9AC6C0AA7E3B}.Debug|Win32.Build.0 = Debug|Win32
		{D2998A79-52C1-4CF1-A166-9AC6C0AA7E3B}.Release|Win32.ActiveCfg = Release|Win32
		{D2998A79-52C1-4CF1-A166-9AC6C0AA7E3B}.Release|Win32.Build.0 = Release|Win32
	EndGlobalSection
	GlobalSection(SolutionProperties) = preSolution
		HideSolutionNode = FALSE
	EndGlobalSection
EndGlobal
