<?xml version="1.0" encoding="utf-8"?>
<Project ToolsVersion="4.0" xmlns="http://schemas.microsoft.com/developer/msbuild/2003">
  <ItemGroup>
    <Filter Include="Source Files">
      <UniqueIdentifier>{4FC737F1-C7A5-4376-A066-2A32D752A2FF}</UniqueIdentifier>
      <Extensions>cpp;c;cc;cxx;def;odl;idl;hpj;bat;asm;asmx</Extensions>
    </Filter>
    <Filter Include="Header Files">
      <UniqueIdentifier>{93995380-89BD-4b04-88EB-625FBE52EBFB}</UniqueIdentifier>
      <Extensions>h;hpp;hxx;hm;inl;inc;xsd</Extensions>
    </Filter>
    <Filter Include="Header Files\sys">
      <UniqueIdentifier>{5f0f9366-0392-4a56-9d1f-ee0d0844125c}</UniqueIdentifier>
    </Filter>
    <Filter Include="Header Files\msvc">
      <UniqueIdentifier>{aad8ed4b-2a46-46bf-933b-f5fe4d416d89}</UniqueIdentifier>
    </Filter>
    <Filter Include="Resource Files">
      <UniqueIdentifier>{67DA6AB6-F800-4c08-8B7A-83BB121AAD01}</UniqueIdentifier>
      <Extensions>rc;ico;cur;bmp;dlg;rc2;rct;bin;rgs;gif;jpg;jpeg;jpe;resx;tiff;tif;png;wav</Extensions>
    </Filter>
  </ItemGroup>
  <ItemGroup>
    <ClCompile Include="..\..\libw32\w32_child.c">
      <Filter>Source Files</Filter>
    </ClCompile>
    <ClCompile Include="..\..\libw32\w32_close.c">
      <Filter>Source Files</Filter>
    </ClCompile>
    <ClCompile Include="..\..\libw32\w32_dir.c">
      <Filter>Source Files</Filter>
    </ClCompile>
    <ClCompile Include="..\..\libw32\w32_domainname.c">
      <Filter>Source Files</Filter>
    </ClCompile>
    <ClCompile Include="..\..\libw32\w32_err.c">
      <Filter>Source Files</Filter>
    </ClCompile>
    <ClCompile Include="..\..\libw32\w32_errno.c">
      <Filter>Source Files</Filter>
    </ClCompile>
    <ClCompile Include="..\..\libw32\w32_getcwd.c">
      <Filter>Source Files</Filter>
    </ClCompile>
    <ClCompile Include="..\..\libw32\w32_gethostname.c">
      <Filter>Source Files</Filter>
    </ClCompile>
    <ClCompile Include="..\..\libw32\w32_getopt.c">
      <Filter>Source Files</Filter>
    </ClCompile>
    <ClCompile Include="..\..\libw32\w32_getopt_long.c">
      <Filter>Source Files</Filter>
    </ClCompile>
    <ClCompile Include="..\..\libw32\w32_getsubopt.c">
      <Filter>Source Files</Filter>
    </ClCompile>
    <ClCompile Include="..\..\libw32\w32_gistrerror.c">
      <Filter>Source Files</Filter>
    </ClCompile>
    <ClCompile Include="..\..\libw32\w32_ino.c">
      <Filter>Source Files</Filter>
    </ClCompile>
    <ClCompile Include="..\..\libw32\w32_io.c">
      <Filter>Source Files</Filter>
    </ClCompile>
    <ClCompile Include="..\..\libw32\w32_mmap.c">
      <Filter>Source Files</Filter>
    </ClCompile>
    <ClCompile Include="..\..\libw32\w32_neterr.c">
      <Filter>Source Files</Filter>
    </ClCompile>
    <ClCompile Include="..\..\libw32\w32_poll.c">
      <Filter>Source Files</Filter>
    </ClCompile>
    <ClCompile Include="..\..\libw32\w32_popen.c">
      <Filter>Source Files</Filter>
    </ClCompile>
    <ClCompile Include="..\..\libw32\w32_progname.c">
      <Filter>Source Files</Filter>
    </ClCompile>
    <ClCompile Include="..\..\libw32\w32_pwd.c">
      <Filter>Source Files</Filter>
    </ClCompile>
    <ClCompile Include="..\..\libw32\w32_read.c">
      <Filter>Source Files</Filter>
    </ClCompile>
    <ClCompile Include="..\..\libw32\w32_shell.c">
      <Filter>Source Files</Filter>
    </ClCompile>
    <ClCompile Include="..\..\libw32\w32_sockbase.c">
      <Filter>Source Files</Filter>
    </ClCompile>
    <ClCompile Include="..\..\libw32\w32_socket.c">
      <Filter>Source Files</Filter>
    </ClCompile>
    <ClCompile Include="..\..\libw32\w32_socket2.c">
      <Filter>Source Files</Filter>
    </ClCompile>
    <ClCompile Include="..\..\libw32\w32_sockfd.c">
      <Filter>Source Files</Filter>
    </ClCompile>
    <ClCompile Include="..\..\libw32\w32_sockpair.c">
      <Filter>Source Files</Filter>
    </ClCompile>
    <ClCompile Include="..\..\libw32\w32_strlcat.c">
      <Filter>Source Files</Filter>
    </ClCompile>
    <ClCompile Include="..\..\libw32\w32_strlcpy.c">
      <Filter>Source Files</Filter>
    </ClCompile>
    <ClCompile Include="..\..\libw32\w32_time.c">
      <Filter>Source Files</Filter>
    </ClCompile>
    <ClCompile Include="..\..\libw32\w32_user.c">
      <Filter>Source Files</Filter>
    </ClCompile>
    <ClCompile Include="..\..\libw32\w32_util.c">
      <Filter>Source Files</Filter>
    </ClCompile>
    <ClCompile Include="..\..\libw32\w32_write.c">
      <Filter>Source Files</Filter>
    </ClCompile>
    <ClCompile Include="..\..\libw32\w32_realpath.c">
      <Filter>Source Files</Filter>
    </ClCompile>
    <ClCompile Include="..\..\libw32\w32_reparse.c">
      <Filter>Source Files</Filter>
    </ClCompile>
  </ItemGroup>
  <ItemGroup>
    <ClInclude Include="..\..\libw32\config.h">
      <Filter>Header Files</Filter>
    </ClInclude>
    <ClInclude Include="..\..\libw32\dirent.h">
      <Filter>Header Files</Filter>
    </ClInclude>
    <ClInclude Include="..\..\libw32\edidentifier.h">
      <Filter>Header Files</Filter>
    </ClInclude>
    <ClInclude Include="..\..\libw32\err.h">
      <Filter>Header Files</Filter>
    </ClInclude>
    <ClInclude Include="..\..\libw32\getopt.h">
      <Filter>Header Files</Filter>
    </ClInclude>
    <ClInclude Include="..\..\libw32\libw32.h">
      <Filter>Header Files</Filter>
    </ClInclude>
    <ClInclude Include="..\..\libw32\libw32_version.h">
      <Filter>Header Files</Filter>
    </ClInclude>
    <ClInclude Include="..\..\libw32\netdb.h">
      <Filter>Header Files</Filter>
    </ClInclude>
    <ClInclude Include="..\..\libw32\package.h">
      <Filter>Header Files</Filter>
    </ClInclude>
    <ClInclude Include="..\..\libw32\poll.h">
      <Filter>Header Files</Filter>
    </ClInclude>
    <ClInclude Include="..\..\libw32\pwd.h">
      <Filter>Header Files</Filter>
    </ClInclude>
    <ClInclude Include="..\..\libw32\unistd.h">
      <Filter>Header Files</Filter>
    </ClInclude>
    <ClInclude Include="..\..\libw32\w32_colors256.h">
      <Filter>Header Files</Filter>
    </ClInclude>
    <ClInclude Include="..\..\libw32\w32config.h">
      <Filter>Header Files</Filter>
    </ClInclude>
    <ClInclude Include="..\..\libw32\win32_child.h">
      <Filter>Header Files</Filter>
    </ClInclude>
    <ClInclude Include="..\..\libw32\win32_errno.h">
      <Filter>Header Files</Filter>
    </ClInclude>
    <ClInclude Include="..\..\libw32\win32_include.h">
      <Filter>Header Files</Filter>
    </ClInclude>
    <ClInclude Include="..\..\libw32\win32_internal.h">
      <Filter>Header Files</Filter>
    </ClInclude>
    <ClInclude Include="..\..\libw32\win32_io.h">
      <Filter>Header Files</Filter>
    </ClInclude>
    <ClInclude Include="..\..\libw32\win32_misc.h">
      <Filter>Header Files</Filter>
    </ClInclude>
    <ClInclude Include="..\..\libw32\win32_time.h">
      <Filter>Header Files</Filter>
    </ClInclude>
    <ClInclude Include="..\..\libw32\sys\cdefs.h">
      <Filter>Header Files\sys</Filter>
    </ClInclude>
    <ClInclude Include="..\..\libw32\sys\ioctl.h">
      <Filter>Header Files\sys</Filter>
    </ClInclude>
    <ClInclude Include="..\..\libw32\sys\pack0.h">
      <Filter>Header Files\sys</Filter>
    </ClInclude>
    <ClInclude Include="..\..\libw32\sys\pack1.h">
      <Filter>Header Files\sys</Filter>
    </ClInclude>
    <ClInclude Include="..\..\libw32\sys\param.h">
      <Filter>Header Files\sys</Filter>
    </ClInclude>
    <ClInclude Include="..\..\libw32\sys\poll.h">
      <Filter>Header Files\sys</Filter>
    </ClInclude>
    <ClInclude Include="..\..\libw32\sys\select.h">
      <Filter>Header Files\sys</Filter>
    </ClInclude>
    <ClInclude Include="..\..\libw32\sys\socket.h">
      <Filter>Header Files\sys</Filter>
    </ClInclude>
    <ClInclude Include="..\..\libw32\sys\time.h">
      <Filter>Header Files\sys</Filter>
    </ClInclude>
    <ClInclude Include="..\..\libw32\sys\utypes.h">
      <Filter>Header Files\sys</Filter>
    </ClInclude>
    <ClInclude Include="..\..\libw32\msvc\inttypes.h">
      <Filter>Header Files\msvc</Filter>
    </ClInclude>
    <ClInclude Include="..\..\libw32\msvc\stdbool.h">
      <Filter>Header Files\msvc</Filter>
    </ClInclude>
    <ClInclude Include="..\..\libw32\msvc\stdint.h">
      <Filter>Header Files\msvc</Filter>
    </ClInclude>
    <ClInclude Include="..\..\libw32\msvc\utime.h">
      <Filter>Header Files\msvc</Filter>
    </ClInclude>
    <ClInclude Include="..\..\libw32\win32_cdef.h">
      <Filter>Header Files</Filter>
    </ClInclude>
    <ClInclude Include="..\..\libw32\win32_ioctl.h">
      <Filter>Header Files</Filter>
    </ClInclude>
  </ItemGroup>
</Project>